
Microsoft Visual Studio Solution File, Format Version 12.00
# Visual Studio Version 17
VisualStudioVersion = 17.14.36623.8 d17.14
MinimumVisualStudioVersion = 10.0.40219.1
Project("{FAE04EC0-301F-11D3-BF4B-00C04F79EFBC}") = "Ega10", "Ega10\Ega10.csproj", "{0A41EB2D-7F54-4B37-B356-11C8A61AC403}"
EndProject
Global
	GlobalSection(SolutionConfigurationPlatforms) = preSolution
		Debug|Any CPU = Debug|Any CPU
		Release|Any CPU = Release|Any CPU
	EndGlobalSection
	GlobalSection(ProjectConfigurationPlatforms) = postSolution
		{0A41EB2D-7F54-4B37-B356-11C8A61AC403}.Debug|Any CPU.ActiveCfg = Debug|Any CPU
		{0A41EB2D-7F54-4B37-B356-11C8A61AC403}.Debug|Any CPU.Build.0 = Debug|Any CPU
		{0A41EB2D-7F54-4B37-B356-11C8A61AC403}.Release|Any CPU.ActiveCfg = Release|Any CPU
		{0A41EB2D-7F54-4B37-B356-11C8A61AC403}.Release|Any CPU.Build.0 = Release|Any CPU
	EndGlobalSection
	GlobalSection(SolutionProperties) = preSolution
		HideSolutionNode = FALSE
	EndGlobalSection
	GlobalSection(ExtensibilityGlobals) = postSolution
		SolutionGuid = {A08544D9-5FBC-497C-8EE4-C753FAE31C75}
	EndGlobalSection
EndGlobal
